
Microsoft Visual Studio Solution File, Format Version 12.00
# Visual Studio Version 17
VisualStudioVersion = 17.9.34607.119
MinimumVisualStudioVersion = 10.0.40219.1
Project("{FAE04EC0-301F-11D3-BF4B-00C04F79EFBC}") = "datosPersonales", "datosPersonales.csproj", "{64232A39-A5A1-42E5-A9A9-A3B43FFE72F0}"
EndProject
Global
	GlobalSection(SolutionConfigurationPlatforms) = preSolution
		Debug|Any CPU = Debug|Any CPU
		Release|Any CPU = Release|Any CPU
	EndGlobalSection
	GlobalSection(ProjectConfigurationPlatforms) = postSolution
		{64232A39-A5A1-42E5-A9A9-A3B43FFE72F0}.Debug|Any CPU.ActiveCfg = Debug|Any CPU
		{64232A39-A5A1-42E5-A9A9-A3B43FFE72F0}.Debug|Any CPU.Build.0 = Debug|Any CPU
		{64232A39-A5A1-42E5-A9A9-A3B43FFE72F0}.Release|Any CPU.ActiveCfg = Release|Any CPU
		{64232A39-A5A1-42E5-A9A9-A3B43FFE72F0}.Release|Any CPU.Build.0 = Release|Any CPU
	EndGlobalSection
	GlobalSection(SolutionProperties) = preSolution
		HideSolutionNode = FALSE
	EndGlobalSection
	GlobalSection(ExtensibilityGlobals) = postSolution
		SolutionGuid = {57842482-5F18-47B9-B779-FB295AE49E14}
	EndGlobalSection
EndGlobal
